
Microsoft Visual Studio Solution File, Format Version 12.00
# Visual Studio Version 17
VisualStudioVersion = 17.11.35222.181
MinimumVisualStudioVersion = 10.0.40219.1
Project("{9A19103F-16F7-4668-BE54-9A1E7A4F7556}") = "ConsoleAppBouteille", "ConsoleAppBouteille\ConsoleAppBouteille.csproj", "{2549F84B-4C58-4864-9A44-62FA30B2812E}"
EndProject
Project("{9A19103F-16F7-4668-BE54-9A1E7A4F7556}") = "ClassLibraryBouteille", "ClassLibraryBouteille\ClassLibraryBouteille.csproj", "{4E0910C7-DC3A-47FB-9E5A-38B2C3C99DD7}"
EndProject
Project("{FAE04EC0-301F-11D3-BF4B-00C04F79EFBC}") = "UnitTestsBouteille", "UnitTestsBouteille\UnitTestsBouteille.csproj", "{DB5C2FE0-4236-41F4-9094-4E3F99E6DBF7}"
EndProject
Global
	GlobalSection(SolutionConfigurationPlatforms) = preSolution
		Debug|Any CPU = Debug|Any CPU
		Release|Any CPU = Release|Any CPU
	EndGlobalSection
	GlobalSection(ProjectConfigurationPlatforms) = postSolution
		{2549F84B-4C58-4864-9A44-62FA30B2812E}.Debug|Any CPU.ActiveCfg = Debug|Any CPU
		{2549F84B-4C58-4864-9A44-62FA30B2812E}.Debug|Any CPU.Build.0 = Debug|Any CPU
		{2549F84B-4C58-4864-9A44-62FA30B2812E}.Release|Any CPU.ActiveCfg = Release|Any CPU
		{2549F84B-4C58-4864-9A44-62FA30B2812E}.Release|Any CPU.Build.0 = Release|Any CPU
		{4E0910C7-DC3A-47FB-9E5A-38B2C3C99DD7}.Debug|Any CPU.ActiveCfg = Debug|Any CPU
		{4E0910C7-DC3A-47FB-9E5A-38B2C3C99DD7}.Debug|Any CPU.Build.0 = Debug|Any CPU
		{4E0910C7-DC3A-47FB-9E5A-38B2C3C99DD7}.Release|Any CPU.ActiveCfg = Release|Any CPU
		{4E0910C7-DC3A-47FB-9E5A-38B2C3C99DD7}.Release|Any CPU.Build.0 = Release|Any CPU
		{DB5C2FE0-4236-41F4-9094-4E3F99E6DBF7}.Debug|Any CPU.ActiveCfg = Debug|Any CPU
		{DB5C2FE0-4236-41F4-9094-4E3F99E6DBF7}.Debug|Any CPU.Build.0 = Debug|Any CPU
		{DB5C2FE0-4236-41F4-9094-4E3F99E6DBF7}.Release|Any CPU.ActiveCfg = Release|Any CPU
		{DB5C2FE0-4236-41F4-9094-4E3F99E6DBF7}.Release|Any CPU.Build.0 = Release|Any CPU
	EndGlobalSection
	GlobalSection(SolutionProperties) = preSolution
		HideSolutionNode = FALSE
	EndGlobalSection
	GlobalSection(ExtensibilityGlobals) = postSolution
		SolutionGuid = {777E03C9-2E95-4EAA-8B52-20FE39F7A733}
	EndGlobalSection
EndGlobal
