
Microsoft Visual Studio Solution File, Format Version 12.00
# Visual Studio Version 17
VisualStudioVersion = 17.11.35222.181
MinimumVisualStudioVersion = 10.0.40219.1
Project("{FAE04EC0-301F-11D3-BF4B-00C04F79EFBC}") = "ConsoleAppLepidoptere", "ConsoleAppLepidoptere\ConsoleAppLepidoptere.csproj", "{9BF27FDD-0E6A-42A7-AF01-35D498568D1C}"
EndProject
Project("{FAE04EC0-301F-11D3-BF4B-00C04F79EFBC}") = "ClassLibraryLepidoptere", "ClassLibraryLepidoptere\ClassLibraryLepidoptere.csproj", "{17664424-7522-455C-ABE2-75E1C037AEA5}"
EndProject
Global
	GlobalSection(SolutionConfigurationPlatforms) = preSolution
		Debug|Any CPU = Debug|Any CPU
		Release|Any CPU = Release|Any CPU
	EndGlobalSection
	GlobalSection(ProjectConfigurationPlatforms) = postSolution
		{9BF27FDD-0E6A-42A7-AF01-35D498568D1C}.Debug|Any CPU.ActiveCfg = Debug|Any CPU
		{9BF27FDD-0E6A-42A7-AF01-35D498568D1C}.Debug|Any CPU.Build.0 = Debug|Any CPU
		{9BF27FDD-0E6A-42A7-AF01-35D498568D1C}.Release|Any CPU.ActiveCfg = Release|Any CPU
		{9BF27FDD-0E6A-42A7-AF01-35D498568D1C}.Release|Any CPU.Build.0 = Release|Any CPU
		{17664424-7522-455C-ABE2-75E1C037AEA5}.Debug|Any CPU.ActiveCfg = Debug|Any CPU
		{17664424-7522-455C-ABE2-75E1C037AEA5}.Debug|Any CPU.Build.0 = Debug|Any CPU
		{17664424-7522-455C-ABE2-75E1C037AEA5}.Release|Any CPU.ActiveCfg = Release|Any CPU
		{17664424-7522-455C-ABE2-75E1C037AEA5}.Release|Any CPU.Build.0 = Release|Any CPU
	EndGlobalSection
	GlobalSection(SolutionProperties) = preSolution
		HideSolutionNode = FALSE
	EndGlobalSection
	GlobalSection(ExtensibilityGlobals) = postSolution
		SolutionGuid = {8F0D713E-677D-4E1E-B4D1-AA9251EEE2F5}
	EndGlobalSection
EndGlobal
