
Microsoft Visual Studio Solution File, Format Version 12.00
# Visual Studio Version 17
VisualStudioVersion = 17.11.35219.272
MinimumVisualStudioVersion = 10.0.40219.1
Project("{FAE04EC0-301F-11D3-BF4B-00C04F79EFBC}") = "Additionneur", "Additionneur\Additionneur.csproj", "{23204DC2-5EDF-4681-B068-588BDBE3D533}"
EndProject
Project("{9A19103F-16F7-4668-BE54-9A1E7A4F7556}") = "ClassLibraryWinFormsExercices", "ClassLibraryWinFormsExercices\ClassLibraryWinFormsExercices.csproj", "{44ED0F52-5108-40BD-8F4B-2E06BC716ECF}"
EndProject
Project("{FAE04EC0-301F-11D3-BF4B-00C04F79EFBC}") = "ValidationSaisie", "ValidationSaisie\ValidationSaisie.csproj", "{BD7BB77C-108B-4606-A947-A42AD191C9C8}"
EndProject
Project("{FAE04EC0-301F-11D3-BF4B-00C04F79EFBC}") = "CheckBoxRadioButton", "CheckBoxRadioButton\CheckBoxRadioButton.csproj", "{2BCCCA63-D61B-4396-B15B-D0DF31919611}"
EndProject
Project("{FAE04EC0-301F-11D3-BF4B-00C04F79EFBC}") = "ListBox", "ListBox\ListBox.csproj", "{FA0C2BC0-6F50-42A1-8F7E-B5699468CBBC}"
EndProject
Project("{FAE04EC0-301F-11D3-BF4B-00C04F79EFBC}") = "ComboBox", "ComboBox\ComboBox.csproj", "{054ABFA3-E98E-43AE-AA4E-812E3C35C7FA}"
EndProject
Project("{2150E333-8FDC-42A3-9474-1A3956D46DE8}") = "DValidationSaisie", "DValidationSaisie", "{C8DEFA5F-EDDE-43A2-853E-75616817A95B}"
	ProjectSection(SolutionItems) = preProject
		ValidationSaisie\FormValidationSaisie.cs = ValidationSaisie\FormValidationSaisie.cs
		ValidationSaisie\FormValidationSaisie.Designer.cs = ValidationSaisie\FormValidationSaisie.Designer.cs
		ValidationSaisie\FormValidationSaisie.resx = ValidationSaisie\FormValidationSaisie.resx
	EndProjectSection
EndProject
Project("{9A19103F-16F7-4668-BE54-9A1E7A4F7556}") = "ClassLibTransaction", "ClassLibTransaction\ClassLibTransaction.csproj", "{BA088D02-D2E8-4A1F-83DF-64DBAAB815A0}"
EndProject
Project("{FAE04EC0-301F-11D3-BF4B-00C04F79EFBC}") = "Defilement", "Defilement\Defilement.csproj", "{D8249CB4-5331-473F-892A-E2125181EB29}"
EndProject
Project("{FAE04EC0-301F-11D3-BF4B-00C04F79EFBC}") = "Emprunts", "Emprunts\Emprunts.csproj", "{CB0CE5B8-ED4F-4161-A030-13F2E5F3D043}"
EndProject
Project("{2150E333-8FDC-42A3-9474-1A3956D46DE8}") = "DEmprunts", "DEmprunts", "{BDC5AFA7-37B0-4AC4-9F8B-7D34F35ED558}"
EndProject
Project("{FAE04EC0-301F-11D3-BF4B-00C04F79EFBC}") = "ClassLibraryRemboursement", "ClassLibraryRemboursement\ClassLibraryRemboursement.csproj", "{CB783E07-BE96-42F4-A1F5-1E9D8A971089}"
EndProject
Global
	GlobalSection(SolutionConfigurationPlatforms) = preSolution
		Debug|Any CPU = Debug|Any CPU
		Release|Any CPU = Release|Any CPU
	EndGlobalSection
	GlobalSection(ProjectConfigurationPlatforms) = postSolution
		{23204DC2-5EDF-4681-B068-588BDBE3D533}.Debug|Any CPU.ActiveCfg = Debug|Any CPU
		{23204DC2-5EDF-4681-B068-588BDBE3D533}.Debug|Any CPU.Build.0 = Debug|Any CPU
		{23204DC2-5EDF-4681-B068-588BDBE3D533}.Release|Any CPU.ActiveCfg = Release|Any CPU
		{23204DC2-5EDF-4681-B068-588BDBE3D533}.Release|Any CPU.Build.0 = Release|Any CPU
		{44ED0F52-5108-40BD-8F4B-2E06BC716ECF}.Debug|Any CPU.ActiveCfg = Debug|Any CPU
		{44ED0F52-5108-40BD-8F4B-2E06BC716ECF}.Debug|Any CPU.Build.0 = Debug|Any CPU
		{44ED0F52-5108-40BD-8F4B-2E06BC716ECF}.Release|Any CPU.ActiveCfg = Release|Any CPU
		{44ED0F52-5108-40BD-8F4B-2E06BC716ECF}.Release|Any CPU.Build.0 = Release|Any CPU
		{BD7BB77C-108B-4606-A947-A42AD191C9C8}.Debug|Any CPU.ActiveCfg = Debug|Any CPU
		{BD7BB77C-108B-4606-A947-A42AD191C9C8}.Debug|Any CPU.Build.0 = Debug|Any CPU
		{BD7BB77C-108B-4606-A947-A42AD191C9C8}.Release|Any CPU.ActiveCfg = Release|Any CPU
		{BD7BB77C-108B-4606-A947-A42AD191C9C8}.Release|Any CPU.Build.0 = Release|Any CPU
		{2BCCCA63-D61B-4396-B15B-D0DF31919611}.Debug|Any CPU.ActiveCfg = Debug|Any CPU
		{2BCCCA63-D61B-4396-B15B-D0DF31919611}.Debug|Any CPU.Build.0 = Debug|Any CPU
		{2BCCCA63-D61B-4396-B15B-D0DF31919611}.Release|Any CPU.ActiveCfg = Release|Any CPU
		{2BCCCA63-D61B-4396-B15B-D0DF31919611}.Release|Any CPU.Build.0 = Release|Any CPU
		{FA0C2BC0-6F50-42A1-8F7E-B5699468CBBC}.Debug|Any CPU.ActiveCfg = Debug|Any CPU
		{FA0C2BC0-6F50-42A1-8F7E-B5699468CBBC}.Debug|Any CPU.Build.0 = Debug|Any CPU
		{FA0C2BC0-6F50-42A1-8F7E-B5699468CBBC}.Release|Any CPU.ActiveCfg = Release|Any CPU
		{FA0C2BC0-6F50-42A1-8F7E-B5699468CBBC}.Release|Any CPU.Build.0 = Release|Any CPU
		{054ABFA3-E98E-43AE-AA4E-812E3C35C7FA}.Debug|Any CPU.ActiveCfg = Debug|Any CPU
		{054ABFA3-E98E-43AE-AA4E-812E3C35C7FA}.Debug|Any CPU.Build.0 = Debug|Any CPU
		{054ABFA3-E98E-43AE-AA4E-812E3C35C7FA}.Release|Any CPU.ActiveCfg = Release|Any CPU
		{054ABFA3-E98E-43AE-AA4E-812E3C35C7FA}.Release|Any CPU.Build.0 = Release|Any CPU
		{BA088D02-D2E8-4A1F-83DF-64DBAAB815A0}.Debug|Any CPU.ActiveCfg = Debug|Any CPU
		{BA088D02-D2E8-4A1F-83DF-64DBAAB815A0}.Debug|Any CPU.Build.0 = Debug|Any CPU
		{BA088D02-D2E8-4A1F-83DF-64DBAAB815A0}.Release|Any CPU.ActiveCfg = Release|Any CPU
		{BA088D02-D2E8-4A1F-83DF-64DBAAB815A0}.Release|Any CPU.Build.0 = Release|Any CPU
		{D8249CB4-5331-473F-892A-E2125181EB29}.Debug|Any CPU.ActiveCfg = Debug|Any CPU
		{D8249CB4-5331-473F-892A-E2125181EB29}.Debug|Any CPU.Build.0 = Debug|Any CPU
		{D8249CB4-5331-473F-892A-E2125181EB29}.Release|Any CPU.ActiveCfg = Release|Any CPU
		{D8249CB4-5331-473F-892A-E2125181EB29}.Release|Any CPU.Build.0 = Release|Any CPU
		{CB0CE5B8-ED4F-4161-A030-13F2E5F3D043}.Debug|Any CPU.ActiveCfg = Debug|Any CPU
		{CB0CE5B8-ED4F-4161-A030-13F2E5F3D043}.Debug|Any CPU.Build.0 = Debug|Any CPU
		{CB0CE5B8-ED4F-4161-A030-13F2E5F3D043}.Release|Any CPU.ActiveCfg = Release|Any CPU
		{CB0CE5B8-ED4F-4161-A030-13F2E5F3D043}.Release|Any CPU.Build.0 = Release|Any CPU
		{CB783E07-BE96-42F4-A1F5-1E9D8A971089}.Debug|Any CPU.ActiveCfg = Debug|Any CPU
		{CB783E07-BE96-42F4-A1F5-1E9D8A971089}.Debug|Any CPU.Build.0 = Debug|Any CPU
		{CB783E07-BE96-42F4-A1F5-1E9D8A971089}.Release|Any CPU.ActiveCfg = Release|Any CPU
		{CB783E07-BE96-42F4-A1F5-1E9D8A971089}.Release|Any CPU.Build.0 = Release|Any CPU
	EndGlobalSection
	GlobalSection(SolutionProperties) = preSolution
		HideSolutionNode = FALSE
	EndGlobalSection
	GlobalSection(NestedProjects) = preSolution
		{44ED0F52-5108-40BD-8F4B-2E06BC716ECF} = {C8DEFA5F-EDDE-43A2-853E-75616817A95B}
		{BD7BB77C-108B-4606-A947-A42AD191C9C8} = {C8DEFA5F-EDDE-43A2-853E-75616817A95B}
		{BA088D02-D2E8-4A1F-83DF-64DBAAB815A0} = {C8DEFA5F-EDDE-43A2-853E-75616817A95B}
		{CB0CE5B8-ED4F-4161-A030-13F2E5F3D043} = {BDC5AFA7-37B0-4AC4-9F8B-7D34F35ED558}
		{CB783E07-BE96-42F4-A1F5-1E9D8A971089} = {BDC5AFA7-37B0-4AC4-9F8B-7D34F35ED558}
	EndGlobalSection
	GlobalSection(ExtensibilityGlobals) = postSolution
		SolutionGuid = {EC0AA98D-4608-4F46-881D-D728A15268AD}
	EndGlobalSection
EndGlobal
