
Microsoft Visual Studio Solution File, Format Version 12.00
# Visual Studio Version 17
VisualStudioVersion = 17.11.35222.181
MinimumVisualStudioVersion = 10.0.40219.1
Project("{9A19103F-16F7-4668-BE54-9A1E7A4F7556}") = "ControlerLaSaisie", "ControlerLaSaisie\ControlerLaSaisie.csproj", "{781D7BEE-FA30-4D34-A9CE-2CB703B81CA5}"
EndProject
Project("{9A19103F-16F7-4668-BE54-9A1E7A4F7556}") = "ControlerLaSaisieLimite", "ControlerLaSaisieLimite\ControlerLaSaisieLimite.csproj", "{7E766781-19DF-4B43-A342-17CD25835685}"
EndProject
Project("{9A19103F-16F7-4668-BE54-9A1E7A4F7556}") = "EsTuMajeur", "EsTuMajeur\EsTuMajeur.csproj", "{544F1B35-DFDD-464C-A178-7FAE01970447}"
EndProject
Project("{9A19103F-16F7-4668-BE54-9A1E7A4F7556}") = "Intervalle2Nombres", "Intervalle2Nombres\Intervalle2Nombres.csproj", "{73E280F3-4EE8-46D1-8F0E-29B3801F6877}"
EndProject
Project("{9A19103F-16F7-4668-BE54-9A1E7A4F7556}") = "MaBicylette", "MaBicylette\MaBicylette.csproj", "{991F71F6-C06E-4C96-9682-89D0327F0B24}"
EndProject
Project("{9A19103F-16F7-4668-BE54-9A1E7A4F7556}") = "MaRetraite", "MaRetraite\MaRetraite.csproj", "{B56E24C1-F76F-49ED-8604-C3089268BC91}"
EndProject
Project("{9A19103F-16F7-4668-BE54-9A1E7A4F7556}") = "TriDeNombre", "TriDeNombre\TriDeNombre.csproj", "{4E279819-ADC8-4CF3-8CDC-F77F47663AF7}"
EndProject
Project("{9A19103F-16F7-4668-BE54-9A1E7A4F7556}") = "TriDeNombreBis", "TriDeNombreBis\TriDeNombreBis.csproj", "{529E9125-3CF8-452F-8202-BA55F252D775}"
EndProject
Project("{9A19103F-16F7-4668-BE54-9A1E7A4F7556}") = "RechercheDiviseurNombre", "RechercheDiviseurNombre\RechercheDiviseurNombre.csproj", "{660B5C57-52E6-4F40-A599-7FD42060F960}"
EndProject
Project("{9A19103F-16F7-4668-BE54-9A1E7A4F7556}") = "NombrePremier", "NombrePremier\NombrePremier.csproj", "{9F035330-E249-49D1-A90E-EB559A69F1A1}"
EndProject
Project("{9A19103F-16F7-4668-BE54-9A1E7A4F7556}") = "JeuFourchette", "JeuFourchette\JeuFourchette.csproj", "{FE91D91C-5CDA-4367-8A6A-A27768C31F94}"
EndProject
Project("{9A19103F-16F7-4668-BE54-9A1E7A4F7556}") = "CourseBarnabe", "CourseBarnabe\CourseBarnabe.csproj", "{90F1C95B-352C-4706-A6EB-8802B9010A96}"
EndProject
Project("{9A19103F-16F7-4668-BE54-9A1E7A4F7556}") = "RechercheNombreTableau", "RechercheNombreTableau\RechercheNombreTableau.csproj", "{65949B5A-D686-4B53-A823-C229C8B2CEB9}"
EndProject
Project("{9A19103F-16F7-4668-BE54-9A1E7A4F7556}") = "RechercheOccurencesLettre", "RechercheOccurencesLettre\RechercheOccurencesLettre.csproj", "{CD2009D9-28B0-4F40-8B8C-CBC30ED55B43}"
EndProject
Project("{9A19103F-16F7-4668-BE54-9A1E7A4F7556}") = "DenombrerLettresTableau", "DenombrerLettresTableau\DenombrerLettresTableau.csproj", "{6BC79DC6-0417-4FE1-944D-42D3B8523049}"
EndProject
Project("{9A19103F-16F7-4668-BE54-9A1E7A4F7556}") = "TriTableau", "TriTableau\TriTableau.csproj", "{15121D60-665F-4458-913E-4F4791E49D70}"
EndProject
Project("{9A19103F-16F7-4668-BE54-9A1E7A4F7556}") = "Palindrome", "Palindrome\Palindrome.csproj", "{97E4237A-B08B-4827-8C1A-2C7DDC994337}"
EndProject
Project("{9A19103F-16F7-4668-BE54-9A1E7A4F7556}") = "FruitsEtLegumes", "FruitsEtLegumes\FruitsEtLegumes.csproj", "{CDE1D414-D422-425D-B2F6-2689F8A1FD57}"
EndProject
Project("{9A19103F-16F7-4668-BE54-9A1E7A4F7556}") = "JeuDu02", "JeuDu02\JeuDu02.csproj", "{444FA3F9-F0EC-4CFA-B90B-22C29201BF3F}"
EndProject
Project("{9A19103F-16F7-4668-BE54-9A1E7A4F7556}") = "CalculNombrePersonnes", "CalculNombrePersonnes\CalculNombrePersonnes.csproj", "{FA75729D-C8C3-4668-B1A1-64389DA14473}"
EndProject
Project("{9A19103F-16F7-4668-BE54-9A1E7A4F7556}") = "DenombrerLettresAlphabet", "DenombrerLettresAlphabet\DenombrerLettresAlphabet.csproj", "{07A6B686-F296-4B71-A21E-312CEBFBE64E}"
EndProject
Project("{9A19103F-16F7-4668-BE54-9A1E7A4F7556}") = "LesCapitales", "LesCapitales\LesCapitales.csproj", "{C412D377-B69C-49EF-8B65-C8D1974AE2D3}"
EndProject
Project("{9A19103F-16F7-4668-BE54-9A1E7A4F7556}") = "MotDePasseSecure", "MotDePasseSecure\MotDePasseSecure.csproj", "{B852F689-A65A-4928-BA0D-808C828D57CC}"
EndProject
Project("{9A19103F-16F7-4668-BE54-9A1E7A4F7556}") = "Rlancesseur.tools", "Rlancesseur.tools\Rlancesseur.tools.csproj", "{B2B497EB-2453-413B-AADF-EE71961E95F5}"
EndProject
Project("{9A19103F-16F7-4668-BE54-9A1E7A4F7556}") = "ConformiteCarteBleue", "ConformiteCarteBleue\ConformiteCarteBleue.csproj", "{373DF97D-EDE7-4B7A-A136-4120EA0B7446}"
EndProject
Project("{FAE04EC0-301F-11D3-BF4B-00C04F79EFBC}") = "Chifoumi", "Chifoumi\Chifoumi.csproj", "{6ADC7DE4-EB33-4AD0-BE2C-D033C35AA0CC}"
EndProject
Project("{FAE04EC0-301F-11D3-BF4B-00C04F79EFBC}") = "ValidationCarte", "ValidationCarte\ValidationCarte.csproj", "{BC58FDDB-6ECC-4241-B326-21B89B557396}"
EndProject
Global
	GlobalSection(SolutionConfigurationPlatforms) = preSolution
		Debug|Any CPU = Debug|Any CPU
		Release|Any CPU = Release|Any CPU
	EndGlobalSection
	GlobalSection(ProjectConfigurationPlatforms) = postSolution
		{781D7BEE-FA30-4D34-A9CE-2CB703B81CA5}.Debug|Any CPU.ActiveCfg = Debug|Any CPU
		{781D7BEE-FA30-4D34-A9CE-2CB703B81CA5}.Debug|Any CPU.Build.0 = Debug|Any CPU
		{781D7BEE-FA30-4D34-A9CE-2CB703B81CA5}.Release|Any CPU.ActiveCfg = Release|Any CPU
		{781D7BEE-FA30-4D34-A9CE-2CB703B81CA5}.Release|Any CPU.Build.0 = Release|Any CPU
		{7E766781-19DF-4B43-A342-17CD25835685}.Debug|Any CPU.ActiveCfg = Debug|Any CPU
		{7E766781-19DF-4B43-A342-17CD25835685}.Debug|Any CPU.Build.0 = Debug|Any CPU
		{7E766781-19DF-4B43-A342-17CD25835685}.Release|Any CPU.ActiveCfg = Release|Any CPU
		{7E766781-19DF-4B43-A342-17CD25835685}.Release|Any CPU.Build.0 = Release|Any CPU
		{544F1B35-DFDD-464C-A178-7FAE01970447}.Debug|Any CPU.ActiveCfg = Debug|Any CPU
		{544F1B35-DFDD-464C-A178-7FAE01970447}.Debug|Any CPU.Build.0 = Debug|Any CPU
		{544F1B35-DFDD-464C-A178-7FAE01970447}.Release|Any CPU.ActiveCfg = Release|Any CPU
		{544F1B35-DFDD-464C-A178-7FAE01970447}.Release|Any CPU.Build.0 = Release|Any CPU
		{73E280F3-4EE8-46D1-8F0E-29B3801F6877}.Debug|Any CPU.ActiveCfg = Debug|Any CPU
		{73E280F3-4EE8-46D1-8F0E-29B3801F6877}.Debug|Any CPU.Build.0 = Debug|Any CPU
		{73E280F3-4EE8-46D1-8F0E-29B3801F6877}.Release|Any CPU.ActiveCfg = Release|Any CPU
		{73E280F3-4EE8-46D1-8F0E-29B3801F6877}.Release|Any CPU.Build.0 = Release|Any CPU
		{991F71F6-C06E-4C96-9682-89D0327F0B24}.Debug|Any CPU.ActiveCfg = Debug|Any CPU
		{991F71F6-C06E-4C96-9682-89D0327F0B24}.Debug|Any CPU.Build.0 = Debug|Any CPU
		{991F71F6-C06E-4C96-9682-89D0327F0B24}.Release|Any CPU.ActiveCfg = Release|Any CPU
		{991F71F6-C06E-4C96-9682-89D0327F0B24}.Release|Any CPU.Build.0 = Release|Any CPU
		{B56E24C1-F76F-49ED-8604-C3089268BC91}.Debug|Any CPU.ActiveCfg = Debug|Any CPU
		{B56E24C1-F76F-49ED-8604-C3089268BC91}.Debug|Any CPU.Build.0 = Debug|Any CPU
		{B56E24C1-F76F-49ED-8604-C3089268BC91}.Release|Any CPU.ActiveCfg = Release|Any CPU
		{B56E24C1-F76F-49ED-8604-C3089268BC91}.Release|Any CPU.Build.0 = Release|Any CPU
		{4E279819-ADC8-4CF3-8CDC-F77F47663AF7}.Debug|Any CPU.ActiveCfg = Debug|Any CPU
		{4E279819-ADC8-4CF3-8CDC-F77F47663AF7}.Debug|Any CPU.Build.0 = Debug|Any CPU
		{4E279819-ADC8-4CF3-8CDC-F77F47663AF7}.Release|Any CPU.ActiveCfg = Release|Any CPU
		{4E279819-ADC8-4CF3-8CDC-F77F47663AF7}.Release|Any CPU.Build.0 = Release|Any CPU
		{529E9125-3CF8-452F-8202-BA55F252D775}.Debug|Any CPU.ActiveCfg = Debug|Any CPU
		{529E9125-3CF8-452F-8202-BA55F252D775}.Debug|Any CPU.Build.0 = Debug|Any CPU
		{529E9125-3CF8-452F-8202-BA55F252D775}.Release|Any CPU.ActiveCfg = Release|Any CPU
		{529E9125-3CF8-452F-8202-BA55F252D775}.Release|Any CPU.Build.0 = Release|Any CPU
		{660B5C57-52E6-4F40-A599-7FD42060F960}.Debug|Any CPU.ActiveCfg = Debug|Any CPU
		{660B5C57-52E6-4F40-A599-7FD42060F960}.Debug|Any CPU.Build.0 = Debug|Any CPU
		{660B5C57-52E6-4F40-A599-7FD42060F960}.Release|Any CPU.ActiveCfg = Release|Any CPU
		{660B5C57-52E6-4F40-A599-7FD42060F960}.Release|Any CPU.Build.0 = Release|Any CPU
		{9F035330-E249-49D1-A90E-EB559A69F1A1}.Debug|Any CPU.ActiveCfg = Debug|Any CPU
		{9F035330-E249-49D1-A90E-EB559A69F1A1}.Debug|Any CPU.Build.0 = Debug|Any CPU
		{9F035330-E249-49D1-A90E-EB559A69F1A1}.Release|Any CPU.ActiveCfg = Release|Any CPU
		{9F035330-E249-49D1-A90E-EB559A69F1A1}.Release|Any CPU.Build.0 = Release|Any CPU
		{FE91D91C-5CDA-4367-8A6A-A27768C31F94}.Debug|Any CPU.ActiveCfg = Debug|Any CPU
		{FE91D91C-5CDA-4367-8A6A-A27768C31F94}.Debug|Any CPU.Build.0 = Debug|Any CPU
		{FE91D91C-5CDA-4367-8A6A-A27768C31F94}.Release|Any CPU.ActiveCfg = Release|Any CPU
		{FE91D91C-5CDA-4367-8A6A-A27768C31F94}.Release|Any CPU.Build.0 = Release|Any CPU
		{90F1C95B-352C-4706-A6EB-8802B9010A96}.Debug|Any CPU.ActiveCfg = Debug|Any CPU
		{90F1C95B-352C-4706-A6EB-8802B9010A96}.Debug|Any CPU.Build.0 = Debug|Any CPU
		{90F1C95B-352C-4706-A6EB-8802B9010A96}.Release|Any CPU.ActiveCfg = Release|Any CPU
		{90F1C95B-352C-4706-A6EB-8802B9010A96}.Release|Any CPU.Build.0 = Release|Any CPU
		{65949B5A-D686-4B53-A823-C229C8B2CEB9}.Debug|Any CPU.ActiveCfg = Debug|Any CPU
		{65949B5A-D686-4B53-A823-C229C8B2CEB9}.Debug|Any CPU.Build.0 = Debug|Any CPU
		{65949B5A-D686-4B53-A823-C229C8B2CEB9}.Release|Any CPU.ActiveCfg = Release|Any CPU
		{65949B5A-D686-4B53-A823-C229C8B2CEB9}.Release|Any CPU.Build.0 = Release|Any CPU
		{CD2009D9-28B0-4F40-8B8C-CBC30ED55B43}.Debug|Any CPU.ActiveCfg = Debug|Any CPU
		{CD2009D9-28B0-4F40-8B8C-CBC30ED55B43}.Debug|Any CPU.Build.0 = Debug|Any CPU
		{CD2009D9-28B0-4F40-8B8C-CBC30ED55B43}.Release|Any CPU.ActiveCfg = Release|Any CPU
		{CD2009D9-28B0-4F40-8B8C-CBC30ED55B43}.Release|Any CPU.Build.0 = Release|Any CPU
		{6BC79DC6-0417-4FE1-944D-42D3B8523049}.Debug|Any CPU.ActiveCfg = Debug|Any CPU
		{6BC79DC6-0417-4FE1-944D-42D3B8523049}.Debug|Any CPU.Build.0 = Debug|Any CPU
		{6BC79DC6-0417-4FE1-944D-42D3B8523049}.Release|Any CPU.ActiveCfg = Release|Any CPU
		{6BC79DC6-0417-4FE1-944D-42D3B8523049}.Release|Any CPU.Build.0 = Release|Any CPU
		{15121D60-665F-4458-913E-4F4791E49D70}.Debug|Any CPU.ActiveCfg = Debug|Any CPU
		{15121D60-665F-4458-913E-4F4791E49D70}.Debug|Any CPU.Build.0 = Debug|Any CPU
		{15121D60-665F-4458-913E-4F4791E49D70}.Release|Any CPU.ActiveCfg = Release|Any CPU
		{15121D60-665F-4458-913E-4F4791E49D70}.Release|Any CPU.Build.0 = Release|Any CPU
		{97E4237A-B08B-4827-8C1A-2C7DDC994337}.Debug|Any CPU.ActiveCfg = Debug|Any CPU
		{97E4237A-B08B-4827-8C1A-2C7DDC994337}.Debug|Any CPU.Build.0 = Debug|Any CPU
		{97E4237A-B08B-4827-8C1A-2C7DDC994337}.Release|Any CPU.ActiveCfg = Release|Any CPU
		{97E4237A-B08B-4827-8C1A-2C7DDC994337}.Release|Any CPU.Build.0 = Release|Any CPU
		{CDE1D414-D422-425D-B2F6-2689F8A1FD57}.Debug|Any CPU.ActiveCfg = Debug|Any CPU
		{CDE1D414-D422-425D-B2F6-2689F8A1FD57}.Debug|Any CPU.Build.0 = Debug|Any CPU
		{CDE1D414-D422-425D-B2F6-2689F8A1FD57}.Release|Any CPU.ActiveCfg = Release|Any CPU
		{CDE1D414-D422-425D-B2F6-2689F8A1FD57}.Release|Any CPU.Build.0 = Release|Any CPU
		{444FA3F9-F0EC-4CFA-B90B-22C29201BF3F}.Debug|Any CPU.ActiveCfg = Debug|Any CPU
		{444FA3F9-F0EC-4CFA-B90B-22C29201BF3F}.Debug|Any CPU.Build.0 = Debug|Any CPU
		{444FA3F9-F0EC-4CFA-B90B-22C29201BF3F}.Release|Any CPU.ActiveCfg = Release|Any CPU
		{444FA3F9-F0EC-4CFA-B90B-22C29201BF3F}.Release|Any CPU.Build.0 = Release|Any CPU
		{FA75729D-C8C3-4668-B1A1-64389DA14473}.Debug|Any CPU.ActiveCfg = Debug|Any CPU
		{FA75729D-C8C3-4668-B1A1-64389DA14473}.Debug|Any CPU.Build.0 = Debug|Any CPU
		{FA75729D-C8C3-4668-B1A1-64389DA14473}.Release|Any CPU.ActiveCfg = Release|Any CPU
		{FA75729D-C8C3-4668-B1A1-64389DA14473}.Release|Any CPU.Build.0 = Release|Any CPU
		{07A6B686-F296-4B71-A21E-312CEBFBE64E}.Debug|Any CPU.ActiveCfg = Debug|Any CPU
		{07A6B686-F296-4B71-A21E-312CEBFBE64E}.Debug|Any CPU.Build.0 = Debug|Any CPU
		{07A6B686-F296-4B71-A21E-312CEBFBE64E}.Release|Any CPU.ActiveCfg = Release|Any CPU
		{07A6B686-F296-4B71-A21E-312CEBFBE64E}.Release|Any CPU.Build.0 = Release|Any CPU
		{C412D377-B69C-49EF-8B65-C8D1974AE2D3}.Debug|Any CPU.ActiveCfg = Debug|Any CPU
		{C412D377-B69C-49EF-8B65-C8D1974AE2D3}.Debug|Any CPU.Build.0 = Debug|Any CPU
		{C412D377-B69C-49EF-8B65-C8D1974AE2D3}.Release|Any CPU.ActiveCfg = Release|Any CPU
		{C412D377-B69C-49EF-8B65-C8D1974AE2D3}.Release|Any CPU.Build.0 = Release|Any CPU
		{B852F689-A65A-4928-BA0D-808C828D57CC}.Debug|Any CPU.ActiveCfg = Debug|Any CPU
		{B852F689-A65A-4928-BA0D-808C828D57CC}.Debug|Any CPU.Build.0 = Debug|Any CPU
		{B852F689-A65A-4928-BA0D-808C828D57CC}.Release|Any CPU.ActiveCfg = Release|Any CPU
		{B852F689-A65A-4928-BA0D-808C828D57CC}.Release|Any CPU.Build.0 = Release|Any CPU
		{B2B497EB-2453-413B-AADF-EE71961E95F5}.Debug|Any CPU.ActiveCfg = Debug|Any CPU
		{B2B497EB-2453-413B-AADF-EE71961E95F5}.Debug|Any CPU.Build.0 = Debug|Any CPU
		{B2B497EB-2453-413B-AADF-EE71961E95F5}.Release|Any CPU.ActiveCfg = Release|Any CPU
		{B2B497EB-2453-413B-AADF-EE71961E95F5}.Release|Any CPU.Build.0 = Release|Any CPU
		{373DF97D-EDE7-4B7A-A136-4120EA0B7446}.Debug|Any CPU.ActiveCfg = Debug|Any CPU
		{373DF97D-EDE7-4B7A-A136-4120EA0B7446}.Debug|Any CPU.Build.0 = Debug|Any CPU
		{373DF97D-EDE7-4B7A-A136-4120EA0B7446}.Release|Any CPU.ActiveCfg = Release|Any CPU
		{373DF97D-EDE7-4B7A-A136-4120EA0B7446}.Release|Any CPU.Build.0 = Release|Any CPU
		{6ADC7DE4-EB33-4AD0-BE2C-D033C35AA0CC}.Debug|Any CPU.ActiveCfg = Debug|Any CPU
		{6ADC7DE4-EB33-4AD0-BE2C-D033C35AA0CC}.Debug|Any CPU.Build.0 = Debug|Any CPU
		{6ADC7DE4-EB33-4AD0-BE2C-D033C35AA0CC}.Release|Any CPU.ActiveCfg = Release|Any CPU
		{6ADC7DE4-EB33-4AD0-BE2C-D033C35AA0CC}.Release|Any CPU.Build.0 = Release|Any CPU
		{BC58FDDB-6ECC-4241-B326-21B89B557396}.Debug|Any CPU.ActiveCfg = Debug|Any CPU
		{BC58FDDB-6ECC-4241-B326-21B89B557396}.Debug|Any CPU.Build.0 = Debug|Any CPU
		{BC58FDDB-6ECC-4241-B326-21B89B557396}.Release|Any CPU.ActiveCfg = Release|Any CPU
		{BC58FDDB-6ECC-4241-B326-21B89B557396}.Release|Any CPU.Build.0 = Release|Any CPU
	EndGlobalSection
	GlobalSection(SolutionProperties) = preSolution
		HideSolutionNode = FALSE
	EndGlobalSection
	GlobalSection(ExtensibilityGlobals) = postSolution
		SolutionGuid = {8E03E335-1FA6-4322-96CD-B86A5508F678}
	EndGlobalSection
EndGlobal
