
Microsoft Visual Studio Solution File, Format Version 12.00
# Visual Studio Version 17
VisualStudioVersion = 17.11.35219.272
MinimumVisualStudioVersion = 10.0.40219.1
Project("{FAE04EC0-301F-11D3-BF4B-00C04F79EFBC}") = "App1", "App1\App1.csproj", "{47A83A5F-64E8-46F8-B532-65C7495CD363}"
EndProject
Global
	GlobalSection(SolutionConfigurationPlatforms) = preSolution
		Debug|Any CPU = Debug|Any CPU
		Release|Any CPU = Release|Any CPU
	EndGlobalSection
	GlobalSection(ProjectConfigurationPlatforms) = postSolution
		{47A83A5F-64E8-46F8-B532-65C7495CD363}.Debug|Any CPU.ActiveCfg = Debug|Any CPU
		{47A83A5F-64E8-46F8-B532-65C7495CD363}.Debug|Any CPU.Build.0 = Debug|Any CPU
		{47A83A5F-64E8-46F8-B532-65C7495CD363}.Release|Any CPU.ActiveCfg = Release|Any CPU
		{47A83A5F-64E8-46F8-B532-65C7495CD363}.Release|Any CPU.Build.0 = Release|Any CPU
	EndGlobalSection
	GlobalSection(SolutionProperties) = preSolution
		HideSolutionNode = FALSE
	EndGlobalSection
	GlobalSection(ExtensibilityGlobals) = postSolution
		SolutionGuid = {E6AD74E1-1788-4FD8-BC39-F2DEB939F7F0}
	EndGlobalSection
EndGlobal
