
Microsoft Visual Studio Solution File, Format Version 12.00
# Visual Studio Version 17
VisualStudioVersion = 17.11.35222.181
MinimumVisualStudioVersion = 10.0.40219.1
Project("{FAE04EC0-301F-11D3-BF4B-00C04F79EFBC}") = "ConsoleAppJeu421", "ConsoleAppJeu421\ConsoleAppJeu421.csproj", "{63A54659-255F-4C24-BA3F-2FB42B527DE6}"
EndProject
Project("{FAE04EC0-301F-11D3-BF4B-00C04F79EFBC}") = "ClassLibraryJeu421", "ClassLibraryJeu421\ClassLibraryJeu421.csproj", "{2B4A5C81-43A2-4568-97E7-6CA9F1215E4E}"
EndProject
Global
	GlobalSection(SolutionConfigurationPlatforms) = preSolution
		Debug|Any CPU = Debug|Any CPU
		Release|Any CPU = Release|Any CPU
	EndGlobalSection
	GlobalSection(ProjectConfigurationPlatforms) = postSolution
		{63A54659-255F-4C24-BA3F-2FB42B527DE6}.Debug|Any CPU.ActiveCfg = Debug|Any CPU
		{63A54659-255F-4C24-BA3F-2FB42B527DE6}.Debug|Any CPU.Build.0 = Debug|Any CPU
		{63A54659-255F-4C24-BA3F-2FB42B527DE6}.Release|Any CPU.ActiveCfg = Release|Any CPU
		{63A54659-255F-4C24-BA3F-2FB42B527DE6}.Release|Any CPU.Build.0 = Release|Any CPU
		{2B4A5C81-43A2-4568-97E7-6CA9F1215E4E}.Debug|Any CPU.ActiveCfg = Debug|Any CPU
		{2B4A5C81-43A2-4568-97E7-6CA9F1215E4E}.Debug|Any CPU.Build.0 = Debug|Any CPU
		{2B4A5C81-43A2-4568-97E7-6CA9F1215E4E}.Release|Any CPU.ActiveCfg = Release|Any CPU
		{2B4A5C81-43A2-4568-97E7-6CA9F1215E4E}.Release|Any CPU.Build.0 = Release|Any CPU
	EndGlobalSection
	GlobalSection(SolutionProperties) = preSolution
		HideSolutionNode = FALSE
	EndGlobalSection
	GlobalSection(ExtensibilityGlobals) = postSolution
		SolutionGuid = {DD761444-F969-4A4F-B1AC-4D213CAB6B59}
	EndGlobalSection
EndGlobal
