
Microsoft Visual Studio Solution File, Format Version 12.00
# Visual Studio Version 17
VisualStudioVersion = 17.11.35219.272
MinimumVisualStudioVersion = 10.0.40219.1
Project("{FAE04EC0-301F-11D3-BF4B-00C04F79EFBC}") = "MathQuiz", "MathQuiz\MathQuiz.csproj", "{A83D60E1-4D3B-495A-95E7-9D796FB7D628}"
EndProject
Global
	GlobalSection(SolutionConfigurationPlatforms) = preSolution
		Debug|Any CPU = Debug|Any CPU
		Release|Any CPU = Release|Any CPU
	EndGlobalSection
	GlobalSection(ProjectConfigurationPlatforms) = postSolution
		{A83D60E1-4D3B-495A-95E7-9D796FB7D628}.Debug|Any CPU.ActiveCfg = Debug|Any CPU
		{A83D60E1-4D3B-495A-95E7-9D796FB7D628}.Debug|Any CPU.Build.0 = Debug|Any CPU
		{A83D60E1-4D3B-495A-95E7-9D796FB7D628}.Release|Any CPU.ActiveCfg = Release|Any CPU
		{A83D60E1-4D3B-495A-95E7-9D796FB7D628}.Release|Any CPU.Build.0 = Release|Any CPU
	EndGlobalSection
	GlobalSection(SolutionProperties) = preSolution
		HideSolutionNode = FALSE
	EndGlobalSection
	GlobalSection(ExtensibilityGlobals) = postSolution
		SolutionGuid = {488BF3D2-80E6-4A69-BF21-0102501BC0AE}
	EndGlobalSection
EndGlobal
